
Microsoft Visual Studio Solution File, Format Version 12.00
# Visual Studio 15
VisualStudioVersion = 15.0.28307.168
MinimumVisualStudioVersion = 10.0.40219.1
Project("{FAE04EC0-301F-11D3-BF4B-00C04F79EFBC}") = "22 paskaita 2019 01 08", "22 paskaita 2019 01 08\22 paskaita 2019 01 08.csproj", "{773F400C-49E4-4306-9085-00F85C6F70BD}"
EndProject
Global
	GlobalSection(SolutionConfigurationPlatforms) = preSolution
		Debug|Any CPU = Debug|Any CPU
		Release|Any CPU = Release|Any CPU
	EndGlobalSection
	GlobalSection(ProjectConfigurationPlatforms) = postSolution
		{773F400C-49E4-4306-9085-00F85C6F70BD}.Debug|Any CPU.ActiveCfg = Debug|Any CPU
		{773F400C-49E4-4306-9085-00F85C6F70BD}.Debug|Any CPU.Build.0 = Debug|Any CPU
		{773F400C-49E4-4306-9085-00F85C6F70BD}.Release|Any CPU.ActiveCfg = Release|Any CPU
		{773F400C-49E4-4306-9085-00F85C6F70BD}.Release|Any CPU.Build.0 = Release|Any CPU
	EndGlobalSection
	GlobalSection(SolutionProperties) = preSolution
		HideSolutionNode = FALSE
	EndGlobalSection
	GlobalSection(ExtensibilityGlobals) = postSolution
		SolutionGuid = {D42CB1FA-EBF2-4358-8162-9B5120ADEBCB}
	EndGlobalSection
EndGlobal
